lockfileVersion: '9.0'

settings:
  autoInstallPeers: true
  excludeLinksFromLockfile: false

importers:

  .:
    dependencies:
      '@solana-program/compute-budget':
        specifier: ^0.8.0
        version: 0.8.0(@solana/kit@2.3.0(fastestsmallesttextencoderdecoder@1.0.22)(typescript@5.8.3)(ws@8.18.3))
      '@solana-program/memo':
        specifier: ^0.7.0
        version: 0.7.0(@solana/kit@2.3.0(fastestsmallesttextencoderdecoder@1.0.22)(typescript@5.8.3)(ws@8.18.3))
      '@solana-program/system':
        specifier: ^0.7.0
        version: 0.7.0(@solana/kit@2.3.0(fastestsmallesttextencoderdecoder@1.0.22)(typescript@5.8.3)(ws@8.18.3))
      '@solana-program/token':
        specifier: ^0.5.1
        version: 0.5.1(@solana/kit@2.3.0(fastestsmallesttextencoderdecoder@1.0.22)(typescript@5.8.3)(ws@8.18.3))
      '@solana/kit':
        specifier: ^2.3.0
        version: 2.3.0(fastestsmallesttextencoderdecoder@1.0.22)(typescript@5.8.3)(ws@8.18.3)
    devDependencies:
      '@types/node':
        specifier: ^24.0.14
        version: 24.0.14

packages:

  '@solana-program/compute-budget@0.8.0':
    resolution: {integrity: sha512-qPKxdxaEsFxebZ4K5RPuy7VQIm/tfJLa1+Nlt3KNA8EYQkz9Xm8htdoEaXVrer9kpgzzp9R3I3Bh6omwCM06tQ==}
    peerDependencies:
      '@solana/kit': ^2.1.0

  '@solana-program/memo@0.7.0':
    resolution: {integrity: sha512-3T9iUjWSYtN/5S5jzJuasD2yQfVfFAQ9yTwIE25+P9peWqz4oarn6ZQvRj/FLcBqaMLtSqLhU1hN2cyVBS6hyg==}
    peerDependencies:
      '@solana/kit': ^2.1.0

  '@solana-program/system@0.7.0':
    resolution: {integrity: sha512-FKTBsKHpvHHNc1ATRm7SlC5nF/VdJtOSjldhcyfMN9R7xo712Mo2jHIzvBgn8zQO5Kg0DcWuKB7268Kv1ocicw==}
    peerDependencies:
      '@solana/kit': ^2.1.0

  '@solana-program/token@0.5.1':
    resolution: {integrity: sha512-bJvynW5q9SFuVOZ5vqGVkmaPGA0MCC+m9jgJj1nk5m20I389/ms69ASnhWGoOPNcie7S9OwBX0gTj2fiyWpfag==}
    peerDependencies:
      '@solana/kit': ^2.1.0

  '@solana/accounts@2.3.0':
    resolution: {integrity: sha512-QgQTj404Z6PXNOyzaOpSzjgMOuGwG8vC66jSDB+3zHaRcEPRVRd2sVSrd1U6sHtnV3aiaS6YyDuPQMheg4K2jw==}
    engines: {node: '>=20.18.0'}
    peerDependencies:
      typescript: '>=5.3.3'

  '@solana/addresses@2.3.0':
    resolution: {integrity: sha512-ypTNkY2ZaRFpHLnHAgaW8a83N0/WoqdFvCqf4CQmnMdFsZSdC7qOwcbd7YzdaQn9dy+P2hybewzB+KP7LutxGA==}
    engines: {node: '>=20.18.0'}
    peerDependencies:
      typescript: '>=5.3.3'

  '@solana/assertions@2.3.0':
    resolution: {integrity: sha512-Ekoet3khNg3XFLN7MIz8W31wPQISpKUGDGTylLptI+JjCDWx3PIa88xjEMqFo02WJ8sBj2NLV64Xg1sBcsHjZQ==}
    engines: {node: '>=20.18.0'}
    peerDependencies:
      typescript: '>=5.3.3'

  '@solana/codecs-core@2.3.0':
    resolution: {integrity: sha512-oG+VZzN6YhBHIoSKgS5ESM9VIGzhWjEHEGNPSibiDTxFhsFWxNaz8LbMDPjBUE69r9wmdGLkrQ+wVPbnJcZPvw==}
    engines: {node: '>=20.18.0'}
    peerDependencies:
      typescript: '>=5.3.3'

  '@solana/codecs-data-structures@2.3.0':
    resolution: {integrity: sha512-qvU5LE5DqEdYMYgELRHv+HMOx73sSoV1ZZkwIrclwUmwTbTaH8QAJURBj0RhQ/zCne7VuLLOZFFGv6jGigWhSw==}
    engines: {node: '>=20.18.0'}
    peerDependencies:
      typescript: '>=5.3.3'

  '@solana/codecs-numbers@2.3.0':
    resolution: {integrity: sha512-jFvvwKJKffvG7Iz9dmN51OGB7JBcy2CJ6Xf3NqD/VP90xak66m/Lg48T01u5IQ/hc15mChVHiBm+HHuOFDUrQg==}
    engines: {node: '>=20.18.0'}
    peerDependencies:
      typescript: '>=5.3.3'

  '@solana/codecs-strings@2.3.0':
    resolution: {integrity: sha512-y5pSBYwzVziXu521hh+VxqUtp0hYGTl1eWGoc1W+8mdvBdC1kTqm/X7aYQw33J42hw03JjryvYOvmGgk3Qz/Ug==}
    engines: {node: '>=20.18.0'}
    peerDependencies:
      fastestsmallesttextencoderdecoder: ^1.0.22
      typescript: '>=5.3.3'

  '@solana/codecs@2.3.0':
    resolution: {integrity: sha512-JVqGPkzoeyU262hJGdH64kNLH0M+Oew2CIPOa/9tR3++q2pEd4jU2Rxdfye9sd0Ce3XJrR5AIa8ZfbyQXzjh+g==}
    engines: {node: '>=20.18.0'}
    peerDependencies:
      typescript: '>=5.3.3'

  '@solana/errors@2.3.0':
    resolution: {integrity: sha512-66RI9MAbwYV0UtP7kGcTBVLxJgUxoZGm8Fbc0ah+lGiAw17Gugco6+9GrJCV83VyF2mDWyYnYM9qdI3yjgpnaQ==}
    engines: {node: '>=20.18.0'}
    hasBin: true
    peerDependencies:
      typescript: '>=5.3.3'

  '@solana/fast-stable-stringify@2.3.0':
    resolution: {integrity: sha512-KfJPrMEieUg6D3hfQACoPy0ukrAV8Kio883llt/8chPEG3FVTX9z/Zuf4O01a15xZmBbmQ7toil2Dp0sxMJSxw==}
    engines: {node: '>=20.18.0'}
    peerDependencies:
      typescript: '>=5.3.3'

  '@solana/functional@2.3.0':
    resolution: {integrity: sha512-AgsPh3W3tE+nK3eEw/W9qiSfTGwLYEvl0rWaxHht/lRcuDVwfKRzeSa5G79eioWFFqr+pTtoCr3D3OLkwKz02Q==}
    engines: {node: '>=20.18.0'}
    peerDependencies:
      typescript: '>=5.3.3'

  '@solana/instructions@2.3.0':
    resolution: {integrity: sha512-PLMsmaIKu7hEAzyElrk2T7JJx4D+9eRwebhFZpy2PXziNSmFF929eRHKUsKqBFM3cYR1Yy3m6roBZfA+bGE/oQ==}
    engines: {node: '>=20.18.0'}
    peerDependencies:
      typescript: '>=5.3.3'

  '@solana/keys@2.3.0':
    resolution: {integrity: sha512-ZVVdga79pNH+2pVcm6fr2sWz9HTwfopDVhYb0Lh3dh+WBmJjwkabXEIHey2rUES7NjFa/G7sV8lrUn/v8LDCCQ==}
    engines: {node: '>=20.18.0'}
    peerDependencies:
      typescript: '>=5.3.3'

  '@solana/kit@2.3.0':
    resolution: {integrity: sha512-sb6PgwoW2LjE5oTFu4lhlS/cGt/NB3YrShEyx7JgWFWysfgLdJnhwWThgwy/4HjNsmtMrQGWVls0yVBHcMvlMQ==}
    engines: {node: '>=20.18.0'}
    peerDependencies:
      typescript: '>=5.3.3'

  '@solana/nominal-types@2.3.0':
    resolution: {integrity: sha512-uKlMnlP4PWW5UTXlhKM8lcgIaNj8dvd8xO4Y9l+FVvh9RvW2TO0GwUO6JCo7JBzCB0PSqRJdWWaQ8pu1Ti/OkA==}
    engines: {node: '>=20.18.0'}
    peerDependencies:
      typescript: '>=5.3.3'

  '@solana/options@2.3.0':
    resolution: {integrity: sha512-PPnnZBRCWWoZQ11exPxf//DRzN2C6AoFsDI/u2AsQfYih434/7Kp4XLpfOMT/XESi+gdBMFNNfbES5zg3wAIkw==}
    engines: {node: '>=20.18.0'}
    peerDependencies:
      typescript: '>=5.3.3'

  '@solana/programs@2.3.0':
    resolution: {integrity: sha512-UXKujV71VCI5uPs+cFdwxybtHZAIZyQkqDiDnmK+DawtOO9mBn4Nimdb/6RjR2CXT78mzO9ZCZ3qfyX+ydcB7w==}
    engines: {node: '>=20.18.0'}
    peerDependencies:
      typescript: '>=5.3.3'

  '@solana/promises@2.3.0':
    resolution: {integrity: sha512-GjVgutZKXVuojd9rWy1PuLnfcRfqsaCm7InCiZc8bqmJpoghlyluweNc7ml9Y5yQn1P2IOyzh9+p/77vIyNybQ==}
    engines: {node: '>=20.18.0'}
    peerDependencies:
      typescript: '>=5.3.3'

  '@solana/rpc-api@2.3.0':
    resolution: {integrity: sha512-UUdiRfWoyYhJL9PPvFeJr4aJ554ob2jXcpn4vKmRVn9ire0sCbpQKYx6K8eEKHZWXKrDW8IDspgTl0gT/aJWVg==}
    engines: {node: '>=20.18.0'}
    peerDependencies:
      typescript: '>=5.3.3'

  '@solana/rpc-parsed-types@2.3.0':
    resolution: {integrity: sha512-B5pHzyEIbBJf9KHej+zdr5ZNAdSvu7WLU2lOUPh81KHdHQs6dEb310LGxcpCc7HVE8IEdO20AbckewDiAN6OCg==}
    engines: {node: '>=20.18.0'}
    peerDependencies:
      typescript: '>=5.3.3'

  '@solana/rpc-spec-types@2.3.0':
    resolution: {integrity: sha512-xQsb65lahjr8Wc9dMtP7xa0ZmDS8dOE2ncYjlvfyw/h4mpdXTUdrSMi6RtFwX33/rGuztQ7Hwaid5xLNSLvsFQ==}
    engines: {node: '>=20.18.0'}
    peerDependencies:
      typescript: '>=5.3.3'

  '@solana/rpc-spec@2.3.0':
    resolution: {integrity: sha512-fA2LMX4BMixCrNB2n6T83AvjZ3oUQTu7qyPLyt8gHQaoEAXs8k6GZmu6iYcr+FboQCjUmRPgMaABbcr9j2J9Sw==}
    engines: {node: '>=20.18.0'}
    peerDependencies:
      typescript: '>=5.3.3'

  '@solana/rpc-subscriptions-api@2.3.0':
    resolution: {integrity: sha512-9mCjVbum2Hg9KGX3LKsrI5Xs0KX390lS+Z8qB80bxhar6MJPugqIPH8uRgLhCW9GN3JprAfjRNl7our8CPvsPQ==}
    engines: {node: '>=20.18.0'}
    peerDependencies:
      typescript: '>=5.3.3'

  '@solana/rpc-subscriptions-channel-websocket@2.3.0':
    resolution: {integrity: sha512-2oL6ceFwejIgeWzbNiUHI2tZZnaOxNTSerszcin7wYQwijxtpVgUHiuItM/Y70DQmH9sKhmikQp+dqeGalaJxw==}
    engines: {node: '>=20.18.0'}
    peerDependencies:
      typescript: '>=5.3.3'
      ws: ^8.18.0

  '@solana/rpc-subscriptions-spec@2.3.0':
    resolution: {integrity: sha512-rdmVcl4PvNKQeA2l8DorIeALCgJEMSu7U8AXJS1PICeb2lQuMeaR+6cs/iowjvIB0lMVjYN2sFf6Q3dJPu6wWg==}
    engines: {node: '>=20.18.0'}
    peerDependencies:
      typescript: '>=5.3.3'

  '@solana/rpc-subscriptions@2.3.0':
    resolution: {integrity: sha512-Uyr10nZKGVzvCOqwCZgwYrzuoDyUdwtgQRefh13pXIrdo4wYjVmoLykH49Omt6abwStB0a4UL5gX9V4mFdDJZg==}
    engines: {node: '>=20.18.0'}
    peerDependencies:
      typescript: '>=5.3.3'

  '@solana/rpc-transformers@2.3.0':
    resolution: {integrity: sha512-UuHYK3XEpo9nMXdjyGKkPCOr7WsZsxs7zLYDO1A5ELH3P3JoehvrDegYRAGzBS2VKsfApZ86ZpJToP0K3PhmMA==}
    engines: {node: '>=20.18.0'}
    peerDependencies:
      typescript: '>=5.3.3'

  '@solana/rpc-transport-http@2.3.0':
    resolution: {integrity: sha512-HFKydmxGw8nAF5N+S0NLnPBDCe5oMDtI2RAmW8DMqP4U3Zxt2XWhvV1SNkAldT5tF0U1vP+is6fHxyhk4xqEvg==}
    engines: {node: '>=20.18.0'}
    peerDependencies:
      typescript: '>=5.3.3'

  '@solana/rpc-types@2.3.0':
    resolution: {integrity: sha512-O09YX2hED2QUyGxrMOxQ9GzH1LlEwwZWu69QbL4oYmIf6P5dzEEHcqRY6L1LsDVqc/dzAdEs/E1FaPrcIaIIPw==}
    engines: {node: '>=20.18.0'}
    peerDependencies:
      typescript: '>=5.3.3'

  '@solana/rpc@2.3.0':
    resolution: {integrity: sha512-ZWN76iNQAOCpYC7yKfb3UNLIMZf603JckLKOOLTHuy9MZnTN8XV6uwvDFhf42XvhglgUjGCEnbUqWtxQ9pa/pQ==}
    engines: {node: '>=20.18.0'}
    peerDependencies:
      typescript: '>=5.3.3'

  '@solana/signers@2.3.0':
    resolution: {integrity: sha512-OSv6fGr/MFRx6J+ZChQMRqKNPGGmdjkqarKkRzkwmv7v8quWsIRnJT5EV8tBy3LI4DLO/A8vKiNSPzvm1TdaiQ==}
    engines: {node: '>=20.18.0'}
    peerDependencies:
      typescript: '>=5.3.3'

  '@solana/subscribable@2.3.0':
    resolution: {integrity: sha512-DkgohEDbMkdTWiKAoatY02Njr56WXx9e/dKKfmne8/Ad6/2llUIrax78nCdlvZW9quXMaXPTxZvdQqo9N669Og==}
    engines: {node: '>=20.18.0'}
    peerDependencies:
      typescript: '>=5.3.3'

  '@solana/sysvars@2.3.0':
    resolution: {integrity: sha512-LvjADZrpZ+CnhlHqfI5cmsRzX9Rpyb1Ox2dMHnbsRNzeKAMhu9w4ZBIaeTdO322zsTr509G1B+k2ABD3whvUBA==}
    engines: {node: '>=20.18.0'}
    peerDependencies:
      typescript: '>=5.3.3'

  '@solana/transaction-confirmation@2.3.0':
    resolution: {integrity: sha512-UiEuiHCfAAZEKdfne/XljFNJbsKAe701UQHKXEInYzIgBjRbvaeYZlBmkkqtxwcasgBTOmEaEKT44J14N9VZDw==}
    engines: {node: '>=20.18.0'}
    peerDependencies:
      typescript: '>=5.3.3'

  '@solana/transaction-messages@2.3.0':
    resolution: {integrity: sha512-bgqvWuy3MqKS5JdNLH649q+ngiyOu5rGS3DizSnWwYUd76RxZl1kN6CoqHSrrMzFMvis6sck/yPGG3wqrMlAww==}
    engines: {node: '>=20.18.0'}
    peerDependencies:
      typescript: '>=5.3.3'

  '@solana/transactions@2.3.0':
    resolution: {integrity: sha512-LnTvdi8QnrQtuEZor5Msje61sDpPstTVwKg4y81tNxDhiyomjuvnSNLAq6QsB9gIxUqbNzPZgOG9IU4I4/Uaug==}
    engines: {node: '>=20.18.0'}
    peerDependencies:
      typescript: '>=5.3.3'

  '@types/node@24.0.14':
    resolution: {integrity: sha512-4zXMWD91vBLGRtHK3YbIoFMia+1nqEz72coM42C5ETjnNCa/heoj7NT1G67iAfOqMmcfhuCZ4uNpyz8EjlAejw==}

  chalk@5.4.1:
    resolution: {integrity: sha512-zgVZuo2WcZgfUEmsn6eO3kINexW8RAE4maiQ8QNs8CtpPCSyMiYsULR3HQYkm3w8FIA3SberyMJMSldGsW+U3w==}
    engines: {node: ^12.17.0 || ^14.13 || >=16.0.0}

  commander@14.0.0:
    resolution: {integrity: sha512-2uM9rYjPvyq39NwLRqaiLtWHyDC1FvryJDa2ATTVims5YAS4PupsEQsDvP14FqhFr0P49CYDugi59xaxJlTXRA==}
    engines: {node: '>=20'}

  fastestsmallesttextencoderdecoder@1.0.22:
    resolution: {integrity: sha512-Pb8d48e+oIuY4MaM64Cd7OW1gt4nxCHs7/ddPPZ/Ic3sg8yVGM7O9wDvZ7us6ScaUupzM+pfBolwtYhN1IxBIw==}

  typescript@5.8.3:
    resolution: {integrity: sha512-p1diW6TqL9L07nNxvRMM7hMMw4c5XOo/1ibL4aAIGmSAt9slTE1Xgw5KWuof2uTOvCg9BY7ZRi+GaF+7sfgPeQ==}
    engines: {node: '>=14.17'}
    hasBin: true

  undici-types@7.12.0:
    resolution: {integrity: sha512-goOacqME2GYyOZZfb5Lgtu+1IDmAlAEu5xnD3+xTzS10hT0vzpf0SPjkXwAw9Jm+4n/mQGDP3LO8CPbYROeBfQ==}

  undici-types@7.8.0:
    resolution: {integrity: sha512-9UJ2xGDvQ43tYyVMpuHlsgApydB8ZKfVYTsLDhXkFL/6gfkp+U8xTGdh8pMJv1SpZna0zxG1DwsKZsreLbXBxw==}

  ws@8.18.3:
    resolution: {integrity: sha512-PEIGCY5tSlUt50cqyMXfCzX+oOPqN0vuGqWzbcJ2xvnkzkq46oOpz7dQaTDBdfICb4N14+GARUDw2XV2N4tvzg==}
    engines: {node: '>=10.0.0'}
    peerDependencies:
      bufferutil: ^4.0.1
      utf-8-validate: '>=5.0.2'
    peerDependenciesMeta:
      bufferutil:
        optional: true
      utf-8-validate:
        optional: true

snapshots:

  '@solana-program/compute-budget@0.8.0(@solana/kit@2.3.0(fastestsmallesttextencoderdecoder@1.0.22)(typescript@5.8.3)(ws@8.18.3))':
    dependencies:
      '@solana/kit': 2.3.0(fastestsmallesttextencoderdecoder@1.0.22)(typescript@5.8.3)(ws@8.18.3)

  '@solana-program/memo@0.7.0(@solana/kit@2.3.0(fastestsmallesttextencoderdecoder@1.0.22)(typescript@5.8.3)(ws@8.18.3))':
    dependencies:
      '@solana/kit': 2.3.0(fastestsmallesttextencoderdecoder@1.0.22)(typescript@5.8.3)(ws@8.18.3)

  '@solana-program/system@0.7.0(@solana/kit@2.3.0(fastestsmallesttextencoderdecoder@1.0.22)(typescript@5.8.3)(ws@8.18.3))':
    dependencies:
      '@solana/kit': 2.3.0(fastestsmallesttextencoderdecoder@1.0.22)(typescript@5.8.3)(ws@8.18.3)

  '@solana-program/token@0.5.1(@solana/kit@2.3.0(fastestsmallesttextencoderdecoder@1.0.22)(typescript@5.8.3)(ws@8.18.3))':
    dependencies:
      '@solana/kit': 2.3.0(fastestsmallesttextencoderdecoder@1.0.22)(typescript@5.8.3)(ws@8.18.3)

  '@solana/accounts@2.3.0(fastestsmallesttextencoderdecoder@1.0.22)(typescript@5.8.3)':
    dependencies:
      '@solana/addresses': 2.3.0(fastestsmallesttextencoderdecoder@1.0.22)(typescript@5.8.3)
      '@solana/codecs-core': 2.3.0(typescript@5.8.3)
      '@solana/codecs-strings': 2.3.0(fastestsmallesttextencoderdecoder@1.0.22)(typescript@5.8.3)
      '@solana/errors': 2.3.0(typescript@5.8.3)
      '@solana/rpc-spec': 2.3.0(typescript@5.8.3)
      '@solana/rpc-types': 2.3.0(fastestsmallesttextencoderdecoder@1.0.22)(typescript@5.8.3)
      typescript: 5.8.3
    transitivePeerDependencies:
      - fastestsmallesttextencoderdecoder

  '@solana/addresses@2.3.0(fastestsmallesttextencoderdecoder@1.0.22)(typescript@5.8.3)':
    dependencies:
      '@solana/assertions': 2.3.0(typescript@5.8.3)
      '@solana/codecs-core': 2.3.0(typescript@5.8.3)
      '@solana/codecs-strings': 2.3.0(fastestsmallesttextencoderdecoder@1.0.22)(typescript@5.8.3)
      '@solana/errors': 2.3.0(typescript@5.8.3)
      '@solana/nominal-types': 2.3.0(typescript@5.8.3)
      typescript: 5.8.3
    transitivePeerDependencies:
      - fastestsmallesttextencoderdecoder

  '@solana/assertions@2.3.0(typescript@5.8.3)':
    dependencies:
      '@solana/errors': 2.3.0(typescript@5.8.3)
      typescript: 5.8.3

  '@solana/codecs-core@2.3.0(typescript@5.8.3)':
    dependencies:
      '@solana/errors': 2.3.0(typescript@5.8.3)
      typescript: 5.8.3

  '@solana/codecs-data-structures@2.3.0(typescript@5.8.3)':
    dependencies:
      '@solana/codecs-core': 2.3.0(typescript@5.8.3)
      '@solana/codecs-numbers': 2.3.0(typescript@5.8.3)
      '@solana/errors': 2.3.0(typescript@5.8.3)
      typescript: 5.8.3

  '@solana/codecs-numbers@2.3.0(typescript@5.8.3)':
    dependencies:
      '@solana/codecs-core': 2.3.0(typescript@5.8.3)
      '@solana/errors': 2.3.0(typescript@5.8.3)
      typescript: 5.8.3

  '@solana/codecs-strings@2.3.0(fastestsmallesttextencoderdecoder@1.0.22)(typescript@5.8.3)':
    dependencies:
      '@solana/codecs-core': 2.3.0(typescript@5.8.3)
      '@solana/codecs-numbers': 2.3.0(typescript@5.8.3)
      '@solana/errors': 2.3.0(typescript@5.8.3)
      fastestsmallesttextencoderdecoder: 1.0.22
      typescript: 5.8.3

  '@solana/codecs@2.3.0(fastestsmallesttextencoderdecoder@1.0.22)(typescript@5.8.3)':
    dependencies:
      '@solana/codecs-core': 2.3.0(typescript@5.8.3)
      '@solana/codecs-data-structures': 2.3.0(typescript@5.8.3)
      '@solana/codecs-numbers': 2.3.0(typescript@5.8.3)
      '@solana/codecs-strings': 2.3.0(fastestsmallesttextencoderdecoder@1.0.22)(typescript@5.8.3)
      '@solana/options': 2.3.0(fastestsmallesttextencoderdecoder@1.0.22)(typescript@5.8.3)
      typescript: 5.8.3
    transitivePeerDependencies:
      - fastestsmallesttextencoderdecoder

  '@solana/errors@2.3.0(typescript@5.8.3)':
    dependencies:
      chalk: 5.4.1
      commander: 14.0.0
      typescript: 5.8.3

  '@solana/fast-stable-stringify@2.3.0(typescript@5.8.3)':
    dependencies:
      typescript: 5.8.3

  '@solana/functional@2.3.0(typescript@5.8.3)':
    dependencies:
      typescript: 5.8.3

  '@solana/instructions@2.3.0(typescript@5.8.3)':
    dependencies:
      '@solana/codecs-core': 2.3.0(typescript@5.8.3)
      '@solana/errors': 2.3.0(typescript@5.8.3)
      typescript: 5.8.3

  '@solana/keys@2.3.0(fastestsmallesttextencoderdecoder@1.0.22)(typescript@5.8.3)':
    dependencies:
      '@solana/assertions': 2.3.0(typescript@5.8.3)
      '@solana/codecs-core': 2.3.0(typescript@5.8.3)
      '@solana/codecs-strings': 2.3.0(fastestsmallesttextencoderdecoder@1.0.22)(typescript@5.8.3)
      '@solana/errors': 2.3.0(typescript@5.8.3)
      '@solana/nominal-types': 2.3.0(typescript@5.8.3)
      typescript: 5.8.3
    transitivePeerDependencies:
      - fastestsmallesttextencoderdecoder

  '@solana/kit@2.3.0(fastestsmallesttextencoderdecoder@1.0.22)(typescript@5.8.3)(ws@8.18.3)':
    dependencies:
      '@solana/accounts': 2.3.0(fastestsmallesttextencoderdecoder@1.0.22)(typescript@5.8.3)
      '@solana/addresses': 2.3.0(fastestsmallesttextencoderdecoder@1.0.22)(typescript@5.8.3)
      '@solana/codecs': 2.3.0(fastestsmallesttextencoderdecoder@1.0.22)(typescript@5.8.3)
      '@solana/errors': 2.3.0(typescript@5.8.3)
      '@solana/functional': 2.3.0(typescript@5.8.3)
      '@solana/instructions': 2.3.0(typescript@5.8.3)
      '@solana/keys': 2.3.0(fastestsmallesttextencoderdecoder@1.0.22)(typescript@5.8.3)
      '@solana/programs': 2.3.0(fastestsmallesttextencoderdecoder@1.0.22)(typescript@5.8.3)
      '@solana/rpc': 2.3.0(fastestsmallesttextencoderdecoder@1.0.22)(typescript@5.8.3)
      '@solana/rpc-parsed-types': 2.3.0(typescript@5.8.3)
      '@solana/rpc-spec-types': 2.3.0(typescript@5.8.3)
      '@solana/rpc-subscriptions': 2.3.0(fastestsmallesttextencoderdecoder@1.0.22)(typescript@5.8.3)(ws@8.18.3)
      '@solana/rpc-types': 2.3.0(fastestsmallesttextencoderdecoder@1.0.22)(typescript@5.8.3)
      '@solana/signers': 2.3.0(fastestsmallesttextencoderdecoder@1.0.22)(typescript@5.8.3)
      '@solana/sysvars': 2.3.0(fastestsmallesttextencoderdecoder@1.0.22)(typescript@5.8.3)
      '@solana/transaction-confirmation': 2.3.0(fastestsmallesttextencoderdecoder@1.0.22)(typescript@5.8.3)(ws@8.18.3)
      '@solana/transaction-messages': 2.3.0(fastestsmallesttextencoderdecoder@1.0.22)(typescript@5.8.3)
      '@solana/transactions': 2.3.0(fastestsmallesttextencoderdecoder@1.0.22)(typescript@5.8.3)
      typescript: 5.8.3
    transitivePeerDependencies:
      - fastestsmallesttextencoderdecoder
      - ws

  '@solana/nominal-types@2.3.0(typescript@5.8.3)':
    dependencies:
      typescript: 5.8.3

  '@solana/options@2.3.0(fastestsmallesttextencoderdecoder@1.0.22)(typescript@5.8.3)':
    dependencies:
      '@solana/codecs-core': 2.3.0(typescript@5.8.3)
      '@solana/codecs-data-structures': 2.3.0(typescript@5.8.3)
      '@solana/codecs-numbers': 2.3.0(typescript@5.8.3)
      '@solana/codecs-strings': 2.3.0(fastestsmallesttextencoderdecoder@1.0.22)(typescript@5.8.3)
      '@solana/errors': 2.3.0(typescript@5.8.3)
      typescript: 5.8.3
    transitivePeerDependencies:
      - fastestsmallesttextencoderdecoder

  '@solana/programs@2.3.0(fastestsmallesttextencoderdecoder@1.0.22)(typescript@5.8.3)':
    dependencies:
      '@solana/addresses': 2.3.0(fastestsmallesttextencoderdecoder@1.0.22)(typescript@5.8.3)
      '@solana/errors': 2.3.0(typescript@5.8.3)
      typescript: 5.8.3
    transitivePeerDependencies:
      - fastestsmallesttextencoderdecoder

  '@solana/promises@2.3.0(typescript@5.8.3)':
    dependencies:
      typescript: 5.8.3

  '@solana/rpc-api@2.3.0(fastestsmallesttextencoderdecoder@1.0.22)(typescript@5.8.3)':
    dependencies:
      '@solana/addresses': 2.3.0(fastestsmallesttextencoderdecoder@1.0.22)(typescript@5.8.3)
      '@solana/codecs-core': 2.3.0(typescript@5.8.3)
      '@solana/codecs-strings': 2.3.0(fastestsmallesttextencoderdecoder@1.0.22)(typescript@5.8.3)
      '@solana/errors': 2.3.0(typescript@5.8.3)
      '@solana/keys': 2.3.0(fastestsmallesttextencoderdecoder@1.0.22)(typescript@5.8.3)
      '@solana/rpc-parsed-types': 2.3.0(typescript@5.8.3)
      '@solana/rpc-spec': 2.3.0(typescript@5.8.3)
      '@solana/rpc-transformers': 2.3.0(fastestsmallesttextencoderdecoder@1.0.22)(typescript@5.8.3)
      '@solana/rpc-types': 2.3.0(fastestsmallesttextencoderdecoder@1.0.22)(typescript@5.8.3)
      '@solana/transaction-messages': 2.3.0(fastestsmallesttextencoderdecoder@1.0.22)(typescript@5.8.3)
      '@solana/transactions': 2.3.0(fastestsmallesttextencoderdecoder@1.0.22)(typescript@5.8.3)
      typescript: 5.8.3
    transitivePeerDependencies:
      - fastestsmallesttextencoderdecoder

  '@solana/rpc-parsed-types@2.3.0(typescript@5.8.3)':
    dependencies:
      typescript: 5.8.3

  '@solana/rpc-spec-types@2.3.0(typescript@5.8.3)':
    dependencies:
      typescript: 5.8.3

  '@solana/rpc-spec@2.3.0(typescript@5.8.3)':
    dependencies:
      '@solana/errors': 2.3.0(typescript@5.8.3)
      '@solana/rpc-spec-types': 2.3.0(typescript@5.8.3)
      typescript: 5.8.3

  '@solana/rpc-subscriptions-api@2.3.0(fastestsmallesttextencoderdecoder@1.0.22)(typescript@5.8.3)':
    dependencies:
      '@solana/addresses': 2.3.0(fastestsmallesttextencoderdecoder@1.0.22)(typescript@5.8.3)
      '@solana/keys': 2.3.0(fastestsmallesttextencoderdecoder@1.0.22)(typescript@5.8.3)
      '@solana/rpc-subscriptions-spec': 2.3.0(typescript@5.8.3)
      '@solana/rpc-transformers': 2.3.0(fastestsmallesttextencoderdecoder@1.0.22)(typescript@5.8.3)
      '@solana/rpc-types': 2.3.0(fastestsmallesttextencoderdecoder@1.0.22)(typescript@5.8.3)
      '@solana/transaction-messages': 2.3.0(fastestsmallesttextencoderdecoder@1.0.22)(typescript@5.8.3)
      '@solana/transactions': 2.3.0(fastestsmallesttextencoderdecoder@1.0.22)(typescript@5.8.3)
      typescript: 5.8.3
    transitivePeerDependencies:
      - fastestsmallesttextencoderdecoder

  '@solana/rpc-subscriptions-channel-websocket@2.3.0(typescript@5.8.3)(ws@8.18.3)':
    dependencies:
      '@solana/errors': 2.3.0(typescript@5.8.3)
      '@solana/functional': 2.3.0(typescript@5.8.3)
      '@solana/rpc-subscriptions-spec': 2.3.0(typescript@5.8.3)
      '@solana/subscribable': 2.3.0(typescript@5.8.3)
      typescript: 5.8.3
      ws: 8.18.3

  '@solana/rpc-subscriptions-spec@2.3.0(typescript@5.8.3)':
    dependencies:
      '@solana/errors': 2.3.0(typescript@5.8.3)
      '@solana/promises': 2.3.0(typescript@5.8.3)
      '@solana/rpc-spec-types': 2.3.0(typescript@5.8.3)
      '@solana/subscribable': 2.3.0(typescript@5.8.3)
      typescript: 5.8.3

  '@solana/rpc-subscriptions@2.3.0(fastestsmallesttextencoderdecoder@1.0.22)(typescript@5.8.3)(ws@8.18.3)':
    dependencies:
      '@solana/errors': 2.3.0(typescript@5.8.3)
      '@solana/fast-stable-stringify': 2.3.0(typescript@5.8.3)
      '@solana/functional': 2.3.0(typescript@5.8.3)
      '@solana/promises': 2.3.0(typescript@5.8.3)
      '@solana/rpc-spec-types': 2.3.0(typescript@5.8.3)
      '@solana/rpc-subscriptions-api': 2.3.0(fastestsmallesttextencoderdecoder@1.0.22)(typescript@5.8.3)
      '@solana/rpc-subscriptions-channel-websocket': 2.3.0(typescript@5.8.3)(ws@8.18.3)
      '@solana/rpc-subscriptions-spec': 2.3.0(typescript@5.8.3)
      '@solana/rpc-transformers': 2.3.0(fastestsmallesttextencoderdecoder@1.0.22)(typescript@5.8.3)
      '@solana/rpc-types': 2.3.0(fastestsmallesttextencoderdecoder@1.0.22)(typescript@5.8.3)
      '@solana/subscribable': 2.3.0(typescript@5.8.3)
      typescript: 5.8.3
    transitivePeerDependencies:
      - fastestsmallesttextencoderdecoder
      - ws

  '@solana/rpc-transformers@2.3.0(fastestsmallesttextencoderdecoder@1.0.22)(typescript@5.8.3)':
    dependencies:
      '@solana/errors': 2.3.0(typescript@5.8.3)
      '@solana/functional': 2.3.0(typescript@5.8.3)
      '@solana/nominal-types': 2.3.0(typescript@5.8.3)
      '@solana/rpc-spec-types': 2.3.0(typescript@5.8.3)
      '@solana/rpc-types': 2.3.0(fastestsmallesttextencoderdecoder@1.0.22)(typescript@5.8.3)
      typescript: 5.8.3
    transitivePeerDependencies:
      - fastestsmallesttextencoderdecoder

  '@solana/rpc-transport-http@2.3.0(typescript@5.8.3)':
    dependencies:
      '@solana/errors': 2.3.0(typescript@5.8.3)
      '@solana/rpc-spec': 2.3.0(typescript@5.8.3)
      '@solana/rpc-spec-types': 2.3.0(typescript@5.8.3)
      typescript: 5.8.3
      undici-types: 7.12.0

  '@solana/rpc-types@2.3.0(fastestsmallesttextencoderdecoder@1.0.22)(typescript@5.8.3)':
    dependencies:
      '@solana/addresses': 2.3.0(fastestsmallesttextencoderdecoder@1.0.22)(typescript@5.8.3)
      '@solana/codecs-core': 2.3.0(typescript@5.8.3)
      '@solana/codecs-numbers': 2.3.0(typescript@5.8.3)
      '@solana/codecs-strings': 2.3.0(fastestsmallesttextencoderdecoder@1.0.22)(typescript@5.8.3)
      '@solana/errors': 2.3.0(typescript@5.8.3)
      '@solana/nominal-types': 2.3.0(typescript@5.8.3)
      typescript: 5.8.3
    transitivePeerDependencies:
      - fastestsmallesttextencoderdecoder

  '@solana/rpc@2.3.0(fastestsmallesttextencoderdecoder@1.0.22)(typescript@5.8.3)':
    dependencies:
      '@solana/errors': 2.3.0(typescript@5.8.3)
      '@solana/fast-stable-stringify': 2.3.0(typescript@5.8.3)
      '@solana/functional': 2.3.0(typescript@5.8.3)
      '@solana/rpc-api': 2.3.0(fastestsmallesttextencoderdecoder@1.0.22)(typescript@5.8.3)
      '@solana/rpc-spec': 2.3.0(typescript@5.8.3)
      '@solana/rpc-spec-types': 2.3.0(typescript@5.8.3)
      '@solana/rpc-transformers': 2.3.0(fastestsmallesttextencoderdecoder@1.0.22)(typescript@5.8.3)
      '@solana/rpc-transport-http': 2.3.0(typescript@5.8.3)
      '@solana/rpc-types': 2.3.0(fastestsmallesttextencoderdecoder@1.0.22)(typescript@5.8.3)
      typescript: 5.8.3
    transitivePeerDependencies:
      - fastestsmallesttextencoderdecoder

  '@solana/signers@2.3.0(fastestsmallesttextencoderdecoder@1.0.22)(typescript@5.8.3)':
    dependencies:
      '@solana/addresses': 2.3.0(fastestsmallesttextencoderdecoder@1.0.22)(typescript@5.8.3)
      '@solana/codecs-core': 2.3.0(typescript@5.8.3)
      '@solana/errors': 2.3.0(typescript@5.8.3)
      '@solana/instructions': 2.3.0(typescript@5.8.3)
      '@solana/keys': 2.3.0(fastestsmallesttextencoderdecoder@1.0.22)(typescript@5.8.3)
      '@solana/nominal-types': 2.3.0(typescript@5.8.3)
      '@solana/transaction-messages': 2.3.0(fastestsmallesttextencoderdecoder@1.0.22)(typescript@5.8.3)
      '@solana/transactions': 2.3.0(fastestsmallesttextencoderdecoder@1.0.22)(typescript@5.8.3)
      typescript: 5.8.3
    transitivePeerDependencies:
      - fastestsmallesttextencoderdecoder

  '@solana/subscribable@2.3.0(typescript@5.8.3)':
    dependencies:
      '@solana/errors': 2.3.0(typescript@5.8.3)
      typescript: 5.8.3

  '@solana/sysvars@2.3.0(fastestsmallesttextencoderdecoder@1.0.22)(typescript@5.8.3)':
    dependencies:
      '@solana/accounts': 2.3.0(fastestsmallesttextencoderdecoder@1.0.22)(typescript@5.8.3)
      '@solana/codecs': 2.3.0(fastestsmallesttextencoderdecoder@1.0.22)(typescript@5.8.3)
      '@solana/errors': 2.3.0(typescript@5.8.3)
      '@solana/rpc-types': 2.3.0(fastestsmallesttextencoderdecoder@1.0.22)(typescript@5.8.3)
      typescript: 5.8.3
    transitivePeerDependencies:
      - fastestsmallesttextencoderdecoder

  '@solana/transaction-confirmation@2.3.0(fastestsmallesttextencoderdecoder@1.0.22)(typescript@5.8.3)(ws@8.18.3)':
    dependencies:
      '@solana/addresses': 2.3.0(fastestsmallesttextencoderdecoder@1.0.22)(typescript@5.8.3)
      '@solana/codecs-strings': 2.3.0(fastestsmallesttextencoderdecoder@1.0.22)(typescript@5.8.3)
      '@solana/errors': 2.3.0(typescript@5.8.3)
      '@solana/keys': 2.3.0(fastestsmallesttextencoderdecoder@1.0.22)(typescript@5.8.3)
      '@solana/promises': 2.3.0(typescript@5.8.3)
      '@solana/rpc': 2.3.0(fastestsmallesttextencoderdecoder@1.0.22)(typescript@5.8.3)
      '@solana/rpc-subscriptions': 2.3.0(fastestsmallesttextencoderdecoder@1.0.22)(typescript@5.8.3)(ws@8.18.3)
      '@solana/rpc-types': 2.3.0(fastestsmallesttextencoderdecoder@1.0.22)(typescript@5.8.3)
      '@solana/transaction-messages': 2.3.0(fastestsmallesttextencoderdecoder@1.0.22)(typescript@5.8.3)
      '@solana/transactions': 2.3.0(fastestsmallesttextencoderdecoder@1.0.22)(typescript@5.8.3)
      typescript: 5.8.3
    transitivePeerDependencies:
      - fastestsmallesttextencoderdecoder
      - ws

  '@solana/transaction-messages@2.3.0(fastestsmallesttextencoderdecoder@1.0.22)(typescript@5.8.3)':
    dependencies:
      '@solana/addresses': 2.3.0(fastestsmallesttextencoderdecoder@1.0.22)(typescript@5.8.3)
      '@solana/codecs-core': 2.3.0(typescript@5.8.3)
      '@solana/codecs-data-structures': 2.3.0(typescript@5.8.3)
      '@solana/codecs-numbers': 2.3.0(typescript@5.8.3)
      '@solana/errors': 2.3.0(typescript@5.8.3)
      '@solana/functional': 2.3.0(typescript@5.8.3)
      '@solana/instructions': 2.3.0(typescript@5.8.3)
      '@solana/nominal-types': 2.3.0(typescript@5.8.3)
      '@solana/rpc-types': 2.3.0(fastestsmallesttextencoderdecoder@1.0.22)(typescript@5.8.3)
      typescript: 5.8.3
    transitivePeerDependencies:
      - fastestsmallesttextencoderdecoder

  '@solana/transactions@2.3.0(fastestsmallesttextencoderdecoder@1.0.22)(typescript@5.8.3)':
    dependencies:
      '@solana/addresses': 2.3.0(fastestsmallesttextencoderdecoder@1.0.22)(typescript@5.8.3)
      '@solana/codecs-core': 2.3.0(typescript@5.8.3)
      '@solana/codecs-data-structures': 2.3.0(typescript@5.8.3)
      '@solana/codecs-numbers': 2.3.0(typescript@5.8.3)
      '@solana/codecs-strings': 2.3.0(fastestsmallesttextencoderdecoder@1.0.22)(typescript@5.8.3)
      '@solana/errors': 2.3.0(typescript@5.8.3)
      '@solana/functional': 2.3.0(typescript@5.8.3)
      '@solana/instructions': 2.3.0(typescript@5.8.3)
      '@solana/keys': 2.3.0(fastestsmallesttextencoderdecoder@1.0.22)(typescript@5.8.3)
      '@solana/nominal-types': 2.3.0(typescript@5.8.3)
      '@solana/rpc-types': 2.3.0(fastestsmallesttextencoderdecoder@1.0.22)(typescript@5.8.3)
      '@solana/transaction-messages': 2.3.0(fastestsmallesttextencoderdecoder@1.0.22)(typescript@5.8.3)
      typescript: 5.8.3
    transitivePeerDependencies:
      - fastestsmallesttextencoderdecoder

  '@types/node@24.0.14':
    dependencies:
      undici-types: 7.8.0

  chalk@5.4.1: {}

  commander@14.0.0: {}

  fastestsmallesttextencoderdecoder@1.0.22: {}

  typescript@5.8.3: {}

  undici-types@7.12.0: {}

  undici-types@7.8.0: {}

  ws@8.18.3: {}
