{
  "name": "solana-jupiter-bot",
  "version": "1.0.0",
  "lockfileVersion": 3,
  "requires": true,
  "packages": {
    "": {
      "name": "solana-jupiter-bot",
      "version": "1.0.0",
      "license": "ISC",
      "dependencies": {
        "@jup-ag/api": "^6.0.48",
        "@solana-program/address-lookup-table": "^0.11.0",
        "@solana-program/token": "^0.13.0",
        "@solana/kit": "^6.9.0"
      },
      "devDependencies": {
        "@types/node": "^25.7.0"
      }
    },
    "node_modules/@jup-ag/api": {
      "version": "6.0.48",
      "resolved": "https://registry.npmjs.org/@jup-ag/api/-/api-6.0.48.tgz",
      "integrity": "sha512-H66m/cIqdVIA0qLI2X76UOhuMXkS/+uI6e4KQuU3fn6FSBhCX/9fwt/4IdwES4KWXwGtvqhsg2ExkB9tRtNhyA==",
      "license": "MIT"
    },
    "node_modules/@solana-program/address-lookup-table": {
      "version": "0.11.0",
      "resolved": "https://registry.npmjs.org/@solana-program/address-lookup-table/-/address-lookup-table-0.11.0.tgz",
      "integrity": "sha512-loC6VTEhmhYSq2ElZrv+V9uHp/Te6A7rllLIArk9c3A5+5V7sRhVsxZvsPGcv/WMXLgqmXR+Vl7WF7QSV3tXNQ==",
      "license": "Apache-2.0",
      "peerDependencies": {
        "@solana/kit": "^6.0"
      }
    },
    "node_modules/@solana-program/system": {
      "version": "0.12.0",
      "resolved": "https://registry.npmjs.org/@solana-program/system/-/system-0.12.0.tgz",
      "integrity": "sha512-ZnAAWeGVMWNtJhw3GdifI2HnhZ0A0H0qs8tBkcFvxp/8wIavvO+GOM4Jd0N22u2+Lni2zcwvcrxrsxj6Mjphng==",
      "license": "Apache-2.0",
      "peerDependencies": {
        "@solana/kit": "^6.1.0"
      }
    },
    "node_modules/@solana-program/token": {
      "version": "0.13.0",
      "resolved": "https://registry.npmjs.org/@solana-program/token/-/token-0.13.0.tgz",
      "integrity": "sha512-/Apjrd5lwOJGrPB0J5Rv7EBeclvyEBQPAGA85Scm7wBH+GpkbdLDM9uK3TNg8jjFKyWQYai/JtPHbrx7VgFLSg==",
      "license": "Apache-2.0",
      "dependencies": {
        "@solana-program/system": "^0.12.0"
      },
      "peerDependencies": {
        "@solana/kit": "^6.5.0"
      }
    },
    "node_modules/@solana/accounts": {
      "version": "6.9.0",
      "resolved": "https://registry.npmjs.org/@solana/accounts/-/accounts-6.9.0.tgz",
      "integrity": "sha512-g36AJreJrgf9AAjOfbdFHEFUTymBgzbWHoEDElZ+fDKvqBINDiUVKzDApwc7C7kGPMFqQBaoEHnQRxf2IqfKZQ==",
      "license": "MIT",
      "dependencies": {
        "@solana/addresses": "6.9.0",
        "@solana/codecs-core": "6.9.0",
        "@solana/codecs-strings": "6.9.0",
        "@solana/errors": "6.9.0",
        "@solana/rpc-spec": "6.9.0",
        "@solana/rpc-types": "6.9.0"
      },
      "engines": {
        "node": ">=20.18.0"
      },
      "peerDependencies": {
        "typescript": ">=5.4.0"
      },
      "peerDependenciesMeta": {
        "typescript": {
          "optional": true
        }
      }
    },
    "node_modules/@solana/addresses": {
      "version": "6.9.0",
      "resolved": "https://registry.npmjs.org/@solana/addresses/-/addresses-6.9.0.tgz",
      "integrity": "sha512-tWnG2L6lo/ZhcMT019F3myDsH87MM8EZbTO0cgwgvVPlEdIGblROFF3tGVrb7FVCOlbPI0ONCFyPbnrmR58LsA==",
      "license": "MIT",
      "dependencies": {
        "@solana/assertions": "6.9.0",
        "@solana/codecs-core": "6.9.0",
        "@solana/codecs-strings": "6.9.0",
        "@solana/errors": "6.9.0",
        "@solana/nominal-types": "6.9.0"
      },
      "engines": {
        "node": ">=20.18.0"
      },
      "peerDependencies": {
        "typescript": ">=5.4.0"
      },
      "peerDependenciesMeta": {
        "typescript": {
          "optional": true
        }
      }
    },
    "node_modules/@solana/assertions": {
      "version": "6.9.0",
      "resolved": "https://registry.npmjs.org/@solana/assertions/-/assertions-6.9.0.tgz",
      "integrity": "sha512-FjWWD6e0in+HFsHMvU2zKCbyPfKtDW6iGXZZ9+Qg1QUYpO1AEObsya3F7hb9RkZKUueK4WwWAQnIuvEUp3A1uA==",
      "license": "MIT",
      "dependencies": {
        "@solana/errors": "6.9.0"
      },
      "engines": {
        "node": ">=20.18.0"
      },
      "peerDependencies": {
        "typescript": ">=5.4.0"
      },
      "peerDependenciesMeta": {
        "typescript": {
          "optional": true
        }
      }
    },
    "node_modules/@solana/codecs": {
      "version": "6.9.0",
      "resolved": "https://registry.npmjs.org/@solana/codecs/-/codecs-6.9.0.tgz",
      "integrity": "sha512-oWOybKa1PTGI1D/FyrvGKralADM1jmVZC2AtgEo+4JTKG0+i1p9ZbwNY2UcJqdYsDMDaGHAx0LMAid9LDCxXTQ==",
      "license": "MIT",
      "dependencies": {
        "@solana/codecs-core": "6.9.0",
        "@solana/codecs-data-structures": "6.9.0",
        "@solana/codecs-numbers": "6.9.0",
        "@solana/codecs-strings": "6.9.0",
        "@solana/fixed-points": "6.9.0",
        "@solana/options": "6.9.0"
      },
      "engines": {
        "node": ">=20.18.0"
      },
      "peerDependencies": {
        "typescript": ">=5.4.0"
      },
      "peerDependenciesMeta": {
        "typescript": {
          "optional": true
        }
      }
    },
    "node_modules/@solana/codecs-core": {
      "version": "6.9.0",
      "resolved": "https://registry.npmjs.org/@solana/codecs-core/-/codecs-core-6.9.0.tgz",
      "integrity": "sha512-F2BmLecG/1nTtnjyD509NsEc254pxJKa2bpvotymv1lL1WfEn3zchcZ9SMIiLyL4G6J8b9F3OKIq2YSZho2AOQ==",
      "license": "MIT",
      "dependencies": {
        "@solana/errors": "6.9.0"
      },
      "engines": {
        "node": ">=20.18.0"
      },
      "peerDependencies": {
        "typescript": ">=5.4.0"
      },
      "peerDependenciesMeta": {
        "typescript": {
          "optional": true
        }
      }
    },
    "node_modules/@solana/codecs-data-structures": {
      "version": "6.9.0",
      "resolved": "https://registry.npmjs.org/@solana/codecs-data-structures/-/codecs-data-structures-6.9.0.tgz",
      "integrity": "sha512-f7GYtiHafvJDhqiwzUUSr/6AYSK4DCw6quPmA80NZGtkNiFa+g6LoJy2wbC0wp2dxvCwNpxf6x3ILCYRutAvvg==",
      "license": "MIT",
      "dependencies": {
        "@solana/codecs-core": "6.9.0",
        "@solana/codecs-numbers": "6.9.0",
        "@solana/errors": "6.9.0"
      },
      "engines": {
        "node": ">=20.18.0"
      },
      "peerDependencies": {
        "typescript": ">=5.4.0"
      },
      "peerDependenciesMeta": {
        "typescript": {
          "optional": true
        }
      }
    },
    "node_modules/@solana/codecs-numbers": {
      "version": "6.9.0",
      "resolved": "https://registry.npmjs.org/@solana/codecs-numbers/-/codecs-numbers-6.9.0.tgz",
      "integrity": "sha512-XMI0FOHV2h7yPAllxWCX8z+J1msidNjXzN1mRjH5KR6C+vfzyKa2xWHve0bNSV/bjVAhqqhc7dQCpBKuF4+ScQ==",
      "license": "MIT",
      "dependencies": {
        "@solana/codecs-core": "6.9.0",
        "@solana/errors": "6.9.0"
      },
      "engines": {
        "node": ">=20.18.0"
      },
      "peerDependencies": {
        "typescript": ">=5.4.0"
      },
      "peerDependenciesMeta": {
        "typescript": {
          "optional": true
        }
      }
    },
    "node_modules/@solana/codecs-strings": {
      "version": "6.9.0",
      "resolved": "https://registry.npmjs.org/@solana/codecs-strings/-/codecs-strings-6.9.0.tgz",
      "integrity": "sha512-PTqYQxMsmdfEEq29bV1AnALD4FjFEsSxOj1fYNqooOSTEQEpUoYEQtsd55/kBsnIKltXbvYwXYXBusm19n1sQA==",
      "license": "MIT",
      "dependencies": {
        "@solana/codecs-core": "6.9.0",
        "@solana/codecs-numbers": "6.9.0",
        "@solana/errors": "6.9.0"
      },
      "engines": {
        "node": ">=20.18.0"
      },
      "peerDependencies": {
        "fastestsmallesttextencoderdecoder": "^1.0.22",
        "typescript": ">=5.4.0"
      },
      "peerDependenciesMeta": {
        "fastestsmallesttextencoderdecoder": {
          "optional": true
        },
        "typescript": {
          "optional": true
        }
      }
    },
    "node_modules/@solana/errors": {
      "version": "6.9.0",
      "resolved": "https://registry.npmjs.org/@solana/errors/-/errors-6.9.0.tgz",
      "integrity": "sha512-7i+b07KMnkbHvFlz7uWade3jvyc22UmVm8o9taxPK8YV3JNM/NkS8oQFvMac2MIaLPAlEs7I8MHyVLUal1yY4g==",
      "license": "MIT",
      "dependencies": {
        "chalk": "5.6.2",
        "commander": "14.0.3"
      },
      "bin": {
        "errors": "bin/cli.mjs"
      },
      "engines": {
        "node": ">=20.18.0"
      },
      "peerDependencies": {
        "typescript": ">=5.4.0"
      },
      "peerDependenciesMeta": {
        "typescript": {
          "optional": true
        }
      }
    },
    "node_modules/@solana/fast-stable-stringify": {
      "version": "6.9.0",
      "resolved": "https://registry.npmjs.org/@solana/fast-stable-stringify/-/fast-stable-stringify-6.9.0.tgz",
      "integrity": "sha512-l14zGVsURbT5Aox/kLFQywqV4VaE9/j3h2EvCu9oULVPMwzQB6yezJb1/KyiDwhm/RscooPd0gFQFIKEGQbayw==",
      "license": "MIT",
      "engines": {
        "node": ">=20.18.0"
      },
      "peerDependencies": {
        "typescript": ">=5.4.0"
      },
      "peerDependenciesMeta": {
        "typescript": {
          "optional": true
        }
      }
    },
    "node_modules/@solana/fixed-points": {
      "version": "6.9.0",
      "resolved": "https://registry.npmjs.org/@solana/fixed-points/-/fixed-points-6.9.0.tgz",
      "integrity": "sha512-0K7mbYC4jdAZFlXqXjpNanmEyZxk7K9NtXDLc1zuhGuxwH8J9guvohwdw2V7TQ9bfjCYsprY3Tp2kUVQpECGmA==",
      "license": "MIT",
      "dependencies": {
        "@solana/codecs-core": "6.9.0",
        "@solana/errors": "6.9.0"
      },
      "engines": {
        "node": ">=20.18.0"
      },
      "peerDependencies": {
        "typescript": ">=5.4.0"
      },
      "peerDependenciesMeta": {
        "typescript": {
          "optional": true
        }
      }
    },
    "node_modules/@solana/functional": {
      "version": "6.9.0",
      "resolved": "https://registry.npmjs.org/@solana/functional/-/functional-6.9.0.tgz",
      "integrity": "sha512-sgNHOaIjETZZuziZdlwPsU5EjBVj5M0dUbwrSQTTNZe0SxX3pQ1QFVcs5KyvdS7AQcpBVdLjx4CfQjdKXk52GA==",
      "license": "MIT",
      "engines": {
        "node": ">=20.18.0"
      },
      "peerDependencies": {
        "typescript": ">=5.4.0"
      },
      "peerDependenciesMeta": {
        "typescript": {
          "optional": true
        }
      }
    },
    "node_modules/@solana/instruction-plans": {
      "version": "6.9.0",
      "resolved": "https://registry.npmjs.org/@solana/instruction-plans/-/instruction-plans-6.9.0.tgz",
      "integrity": "sha512-SxTSOetEKD+WPzvDuYRsP1+KkwUp8KqL1n7oFx9ThxjyfEY0ly0i9KdbvX5yYVDOA2TSwrltgdu14y/Pf6y3Cg==",
      "license": "MIT",
      "dependencies": {
        "@solana/errors": "6.9.0",
        "@solana/instructions": "6.9.0",
        "@solana/keys": "6.9.0",
        "@solana/promises": "6.9.0",
        "@solana/transaction-messages": "6.9.0",
        "@solana/transactions": "6.9.0"
      },
      "engines": {
        "node": ">=20.18.0"
      },
      "peerDependencies": {
        "typescript": ">=5.4.0"
      },
      "peerDependenciesMeta": {
        "typescript": {
          "optional": true
        }
      }
    },
    "node_modules/@solana/instructions": {
      "version": "6.9.0",
      "resolved": "https://registry.npmjs.org/@solana/instructions/-/instructions-6.9.0.tgz",
      "integrity": "sha512-LZfJx3bGdUSbGaswoOEPHygticqkCg3TusRczPJXyCmKhoQzPCcGQQ99qMzP7Wg8pEV5tWA5t7tycf8E237ydg==",
      "license": "MIT",
      "dependencies": {
        "@solana/codecs-core": "6.9.0",
        "@solana/errors": "6.9.0"
      },
      "engines": {
        "node": ">=20.18.0"
      },
      "peerDependencies": {
        "typescript": ">=5.4.0"
      },
      "peerDependenciesMeta": {
        "typescript": {
          "optional": true
        }
      }
    },
    "node_modules/@solana/keys": {
      "version": "6.9.0",
      "resolved": "https://registry.npmjs.org/@solana/keys/-/keys-6.9.0.tgz",
      "integrity": "sha512-1g2QARiqSjNqT0EIqLDLQ5vRm7hCsbqgFwFAp5GsMV/8BTYT8s1Ct2wLHDZiJ4eAX6beTHVf8LbOBfVejtn3oQ==",
      "license": "MIT",
      "dependencies": {
        "@solana/assertions": "6.9.0",
        "@solana/codecs-core": "6.9.0",
        "@solana/codecs-strings": "6.9.0",
        "@solana/errors": "6.9.0",
        "@solana/nominal-types": "6.9.0",
        "@solana/promises": "6.9.0"
      },
      "engines": {
        "node": ">=20.18.0"
      },
      "peerDependencies": {
        "typescript": ">=5.4.0"
      },
      "peerDependenciesMeta": {
        "typescript": {
          "optional": true
        }
      }
    },
    "node_modules/@solana/kit": {
      "version": "6.9.0",
      "resolved": "https://registry.npmjs.org/@solana/kit/-/kit-6.9.0.tgz",
      "integrity": "sha512-k7BRz7Akfv8wiRtlCR/xUyDLfuMfYMelMR1+AC5KgwaRRJReDF0BucMLNN1In7WoI+KuWwr1OKv4na/oKpyeAQ==",
      "license": "MIT",
      "dependencies": {
        "@solana/accounts": "6.9.0",
        "@solana/addresses": "6.9.0",
        "@solana/codecs": "6.9.0",
        "@solana/errors": "6.9.0",
        "@solana/functional": "6.9.0",
        "@solana/instruction-plans": "6.9.0",
        "@solana/instructions": "6.9.0",
        "@solana/keys": "6.9.0",
        "@solana/offchain-messages": "6.9.0",
        "@solana/plugin-core": "6.9.0",
        "@solana/plugin-interfaces": "6.9.0",
        "@solana/program-client-core": "6.9.0",
        "@solana/programs": "6.9.0",
        "@solana/rpc": "6.9.0",
        "@solana/rpc-api": "6.9.0",
        "@solana/rpc-parsed-types": "6.9.0",
        "@solana/rpc-spec-types": "6.9.0",
        "@solana/rpc-subscriptions": "6.9.0",
        "@solana/rpc-types": "6.9.0",
        "@solana/signers": "6.9.0",
        "@solana/subscribable": "6.9.0",
        "@solana/sysvars": "6.9.0",
        "@solana/transaction-confirmation": "6.9.0",
        "@solana/transaction-messages": "6.9.0",
        "@solana/transactions": "6.9.0"
      },
      "engines": {
        "node": ">=20.18.0"
      },
      "peerDependencies": {
        "typescript": ">=5.4.0"
      },
      "peerDependenciesMeta": {
        "typescript": {
          "optional": true
        }
      }
    },
    "node_modules/@solana/nominal-types": {
      "version": "6.9.0",
      "resolved": "https://registry.npmjs.org/@solana/nominal-types/-/nominal-types-6.9.0.tgz",
      "integrity": "sha512-ouhrnY7a6nsLXRGcariwcmHDdXroCNqOuzwtdjKt2c8e8Drwao9yxPH2VoViNgpq8IGNJeQMEI1TVnoJZRn0gw==",
      "license": "MIT",
      "engines": {
        "node": ">=20.18.0"
      },
      "peerDependencies": {
        "typescript": ">=5.4.0"
      },
      "peerDependenciesMeta": {
        "typescript": {
          "optional": true
        }
      }
    },
    "node_modules/@solana/offchain-messages": {
      "version": "6.9.0",
      "resolved": "https://registry.npmjs.org/@solana/offchain-messages/-/offchain-messages-6.9.0.tgz",
      "integrity": "sha512-qK3tqRPb+E0kmTz5qFXZbEdF4pyzfOWRZjyVESHVGemDDeGzZ1SV3zAxcA6HBCnv4wCBnlyaDPw8t+5sryNMAw==",
      "license": "MIT",
      "dependencies": {
        "@solana/addresses": "6.9.0",
        "@solana/codecs-core": "6.9.0",
        "@solana/codecs-data-structures": "6.9.0",
        "@solana/codecs-numbers": "6.9.0",
        "@solana/codecs-strings": "6.9.0",
        "@solana/errors": "6.9.0",
        "@solana/keys": "6.9.0",
        "@solana/nominal-types": "6.9.0"
      },
      "engines": {
        "node": ">=20.18.0"
      },
      "peerDependencies": {
        "typescript": ">=5.4.0"
      },
      "peerDependenciesMeta": {
        "typescript": {
          "optional": true
        }
      }
    },
    "node_modules/@solana/options": {
      "version": "6.9.0",
      "resolved": "https://registry.npmjs.org/@solana/options/-/options-6.9.0.tgz",
      "integrity": "sha512-H5ZRWNzzLMwHU/fRU9aVx+3TaMN4gDNCUYxsZxq0h7mqiwxFy6mpy95xPsfdldthCHDYtYnUTxe2sBatGbNHig==",
      "license": "MIT",
      "dependencies": {
        "@solana/codecs-core": "6.9.0",
        "@solana/codecs-data-structures": "6.9.0",
        "@solana/codecs-numbers": "6.9.0",
        "@solana/codecs-strings": "6.9.0",
        "@solana/errors": "6.9.0"
      },
      "engines": {
        "node": ">=20.18.0"
      },
      "peerDependencies": {
        "typescript": ">=5.4.0"
      },
      "peerDependenciesMeta": {
        "typescript": {
          "optional": true
        }
      }
    },
    "node_modules/@solana/plugin-core": {
      "version": "6.9.0",
      "resolved": "https://registry.npmjs.org/@solana/plugin-core/-/plugin-core-6.9.0.tgz",
      "integrity": "sha512-KslLSnzY8zbGZibEBVMVUm2ZS8T2xf+cut7F65VjWPoWNAxU+p7933wsMz/az6CF7b65RI7iU3HhCr5/5QF50w==",
      "license": "MIT",
      "engines": {
        "node": ">=20.18.0"
      },
      "peerDependencies": {
        "typescript": ">=5.4.0"
      },
      "peerDependenciesMeta": {
        "typescript": {
          "optional": true
        }
      }
    },
    "node_modules/@solana/plugin-interfaces": {
      "version": "6.9.0",
      "resolved": "https://registry.npmjs.org/@solana/plugin-interfaces/-/plugin-interfaces-6.9.0.tgz",
      "integrity": "sha512-Qj4sk9thkM1UgnFXvWIoezd/CbqpX/2jigLBDsMB5Ed/gmFlkBSTL127LFDSY3OtzBpXl4hROs+Zqv+5xqtguA==",
      "license": "MIT",
      "dependencies": {
        "@solana/addresses": "6.9.0",
        "@solana/instruction-plans": "6.9.0",
        "@solana/keys": "6.9.0",
        "@solana/rpc-spec": "6.9.0",
        "@solana/rpc-subscriptions-spec": "6.9.0",
        "@solana/rpc-types": "6.9.0",
        "@solana/signers": "6.9.0"
      },
      "engines": {
        "node": ">=20.18.0"
      },
      "peerDependencies": {
        "typescript": ">=5.4.0"
      },
      "peerDependenciesMeta": {
        "typescript": {
          "optional": true
        }
      }
    },
    "node_modules/@solana/program-client-core": {
      "version": "6.9.0",
      "resolved": "https://registry.npmjs.org/@solana/program-client-core/-/program-client-core-6.9.0.tgz",
      "integrity": "sha512-+iUnsddhs72QoBJoUO+/yHUXoBvYWa1sGCBRJk35zeg8j7ZXEwRkk6eX0VOrUPxhEpQbYJsIOCrIYApNIt8RFw==",
      "license": "MIT",
      "dependencies": {
        "@solana/accounts": "6.9.0",
        "@solana/addresses": "6.9.0",
        "@solana/codecs-core": "6.9.0",
        "@solana/errors": "6.9.0",
        "@solana/instruction-plans": "6.9.0",
        "@solana/instructions": "6.9.0",
        "@solana/plugin-interfaces": "6.9.0",
        "@solana/rpc-api": "6.9.0",
        "@solana/signers": "6.9.0"
      },
      "engines": {
        "node": ">=20.18.0"
      },
      "peerDependencies": {
        "typescript": ">=5.4.0"
      },
      "peerDependenciesMeta": {
        "typescript": {
          "optional": true
        }
      }
    },
    "node_modules/@solana/programs": {
      "version": "6.9.0",
      "resolved": "https://registry.npmjs.org/@solana/programs/-/programs-6.9.0.tgz",
      "integrity": "sha512-L9LAnQtfFFcCDLcbbnxhUtgAmu/kS4aRmrVncdnX5CFyQshlpo0/Qhrq3UA7vnhute4gjYV4pFT+64onH5qGEQ==",
      "license": "MIT",
      "dependencies": {
        "@solana/addresses": "6.9.0",
        "@solana/errors": "6.9.0"
      },
      "engines": {
        "node": ">=20.18.0"
      },
      "peerDependencies": {
        "typescript": ">=5.4.0"
      },
      "peerDependenciesMeta": {
        "typescript": {
          "optional": true
        }
      }
    },
    "node_modules/@solana/promises": {
      "version": "6.9.0",
      "resolved": "https://registry.npmjs.org/@solana/promises/-/promises-6.9.0.tgz",
      "integrity": "sha512-227PlXRi6KZX4ODYTkJitr9InSa79NTquI72slay4gzxO9VmMepgvYdMAX6kawdN5pt+VzaklKhNhWXk50Pi9g==",
      "license": "MIT",
      "engines": {
        "node": ">=20.18.0"
      },
      "peerDependencies": {
        "typescript": ">=5.4.0"
      },
      "peerDependenciesMeta": {
        "typescript": {
          "optional": true
        }
      }
    },
    "node_modules/@solana/rpc": {
      "version": "6.9.0",
      "resolved": "https://registry.npmjs.org/@solana/rpc/-/rpc-6.9.0.tgz",
      "integrity": "sha512-ny1Kt20+oq3xZErNA56+Magmb2JKYfQgHwZTsBmHKVl/9mBpv1y1+ygV+KNiiX/wWXWstLbdIo1jgPwZPbU2Vg==",
      "license": "MIT",
      "dependencies": {
        "@solana/errors": "6.9.0",
        "@solana/fast-stable-stringify": "6.9.0",
        "@solana/functional": "6.9.0",
        "@solana/rpc-api": "6.9.0",
        "@solana/rpc-spec": "6.9.0",
        "@solana/rpc-spec-types": "6.9.0",
        "@solana/rpc-transformers": "6.9.0",
        "@solana/rpc-transport-http": "6.9.0",
        "@solana/rpc-types": "6.9.0"
      },
      "engines": {
        "node": ">=20.18.0"
      },
      "peerDependencies": {
        "typescript": ">=5.4.0"
      },
      "peerDependenciesMeta": {
        "typescript": {
          "optional": true
        }
      }
    },
    "node_modules/@solana/rpc-api": {
      "version": "6.9.0",
      "resolved": "https://registry.npmjs.org/@solana/rpc-api/-/rpc-api-6.9.0.tgz",
      "integrity": "sha512-3KhXS6A1ie6GqTywW/KEMSXJ1VJEU66fxjhuiiqPILuJstP7kex3ycr3H6DirKydUsy6gaKaPN43rE+LfyS7OA==",
      "license": "MIT",
      "dependencies": {
        "@solana/addresses": "6.9.0",
        "@solana/codecs-core": "6.9.0",
        "@solana/codecs-strings": "6.9.0",
        "@solana/errors": "6.9.0",
        "@solana/keys": "6.9.0",
        "@solana/rpc-parsed-types": "6.9.0",
        "@solana/rpc-spec": "6.9.0",
        "@solana/rpc-transformers": "6.9.0",
        "@solana/rpc-types": "6.9.0",
        "@solana/transaction-messages": "6.9.0",
        "@solana/transactions": "6.9.0"
      },
      "engines": {
        "node": ">=20.18.0"
      },
      "peerDependencies": {
        "typescript": ">=5.4.0"
      },
      "peerDependenciesMeta": {
        "typescript": {
          "optional": true
        }
      }
    },
    "node_modules/@solana/rpc-parsed-types": {
      "version": "6.9.0",
      "resolved": "https://registry.npmjs.org/@solana/rpc-parsed-types/-/rpc-parsed-types-6.9.0.tgz",
      "integrity": "sha512-6ThH8izY+DWDyrVOOlS40vTcFjwjCinjfqnId7zhRk8OxhkfHQ/iEj+OnGwD4Yhe8pGdVa7GNVYlrQgQgzQ3eQ==",
      "license": "MIT",
      "engines": {
        "node": ">=20.18.0"
      },
      "peerDependencies": {
        "typescript": ">=5.4.0"
      },
      "peerDependenciesMeta": {
        "typescript": {
          "optional": true
        }
      }
    },
    "node_modules/@solana/rpc-spec": {
      "version": "6.9.0",
      "resolved": "https://registry.npmjs.org/@solana/rpc-spec/-/rpc-spec-6.9.0.tgz",
      "integrity": "sha512-3yHRoChc0IpsJbUq0/94l+ar3t9U3Ax58W0HON7eyYe7zFP10UAxpkHn7DPch9DeALyuGph8kVnvl+kXRgJlGg==",
      "license": "MIT",
      "dependencies": {
        "@solana/errors": "6.9.0",
        "@solana/rpc-spec-types": "6.9.0"
      },
      "engines": {
        "node": ">=20.18.0"
      },
      "peerDependencies": {
        "typescript": ">=5.4.0"
      },
      "peerDependenciesMeta": {
        "typescript": {
          "optional": true
        }
      }
    },
    "node_modules/@solana/rpc-spec-types": {
      "version": "6.9.0",
      "resolved": "https://registry.npmjs.org/@solana/rpc-spec-types/-/rpc-spec-types-6.9.0.tgz",
      "integrity": "sha512-A4fY1JRrcKqX3EfttO4Q8L97nGPqdjfekAV0eDyxN5nu9ngf5p7GKenkl7AYDoHLNr6ZX/C96cRADxXjsRJ0iA==",
      "license": "MIT",
      "engines": {
        "node": ">=20.18.0"
      },
      "peerDependencies": {
        "typescript": ">=5.4.0"
      },
      "peerDependenciesMeta": {
        "typescript": {
          "optional": true
        }
      }
    },
    "node_modules/@solana/rpc-subscriptions": {
      "version": "6.9.0",
      "resolved": "https://registry.npmjs.org/@solana/rpc-subscriptions/-/rpc-subscriptions-6.9.0.tgz",
      "integrity": "sha512-IMctZQaMxzvRACQ6ooW98lP+7tVoUJnRgOZtkAdzgBizldQAYPIKd3MulP0jbQPCMfdPsa2Hs0NBcUwfgonq3w==",
      "license": "MIT",
      "dependencies": {
        "@solana/errors": "6.9.0",
        "@solana/fast-stable-stringify": "6.9.0",
        "@solana/functional": "6.9.0",
        "@solana/promises": "6.9.0",
        "@solana/rpc-spec-types": "6.9.0",
        "@solana/rpc-subscriptions-api": "6.9.0",
        "@solana/rpc-subscriptions-channel-websocket": "6.9.0",
        "@solana/rpc-subscriptions-spec": "6.9.0",
        "@solana/rpc-transformers": "6.9.0",
        "@solana/rpc-types": "6.9.0",
        "@solana/subscribable": "6.9.0"
      },
      "engines": {
        "node": ">=20.18.0"
      },
      "peerDependencies": {
        "typescript": ">=5.4.0"
      },
      "peerDependenciesMeta": {
        "typescript": {
          "optional": true
        }
      }
    },
    "node_modules/@solana/rpc-subscriptions-api": {
      "version": "6.9.0",
      "resolved": "https://registry.npmjs.org/@solana/rpc-subscriptions-api/-/rpc-subscriptions-api-6.9.0.tgz",
      "integrity": "sha512-UA/rPQeNx6zQMUFcS8PPPuB4vzUOtSzIY/igMH0DRoP020NyES2GguIb7Zo7sqDNi4n0gkQRhoW4dPVotcNKdA==",
      "license": "MIT",
      "dependencies": {
        "@solana/addresses": "6.9.0",
        "@solana/keys": "6.9.0",
        "@solana/rpc-subscriptions-spec": "6.9.0",
        "@solana/rpc-transformers": "6.9.0",
        "@solana/rpc-types": "6.9.0",
        "@solana/transaction-messages": "6.9.0",
        "@solana/transactions": "6.9.0"
      },
      "engines": {
        "node": ">=20.18.0"
      },
      "peerDependencies": {
        "typescript": ">=5.4.0"
      },
      "peerDependenciesMeta": {
        "typescript": {
          "optional": true
        }
      }
    },
    "node_modules/@solana/rpc-subscriptions-channel-websocket": {
      "version": "6.9.0",
      "resolved": "https://registry.npmjs.org/@solana/rpc-subscriptions-channel-websocket/-/rpc-subscriptions-channel-websocket-6.9.0.tgz",
      "integrity": "sha512-kT8Yne9HjJD2gooaOFNSyKrvaIfOy2GR0Ymv8OfecBCwFStdz+SPo5eYXq8ZWoZbr5E/MMpHgqsHBanqa2Ffyg==",
      "license": "MIT",
      "dependencies": {
        "@solana/errors": "6.9.0",
        "@solana/functional": "6.9.0",
        "@solana/rpc-subscriptions-spec": "6.9.0",
        "@solana/subscribable": "6.9.0",
        "ws": "^8.19.0"
      },
      "engines": {
        "node": ">=20.18.0"
      },
      "peerDependencies": {
        "typescript": ">=5.4.0"
      },
      "peerDependenciesMeta": {
        "typescript": {
          "optional": true
        }
      }
    },
    "node_modules/@solana/rpc-subscriptions-spec": {
      "version": "6.9.0",
      "resolved": "https://registry.npmjs.org/@solana/rpc-subscriptions-spec/-/rpc-subscriptions-spec-6.9.0.tgz",
      "integrity": "sha512-DbaG67s99vRZQxFMK80UQ7DEKkRJK6JEZeYg/U5UttD6n7ax/vct7qopxGnrt4RCkaaac2fU8Sr+fcnvWQweUg==",
      "license": "MIT",
      "dependencies": {
        "@solana/errors": "6.9.0",
        "@solana/promises": "6.9.0",
        "@solana/rpc-spec-types": "6.9.0",
        "@solana/subscribable": "6.9.0"
      },
      "engines": {
        "node": ">=20.18.0"
      },
      "peerDependencies": {
        "typescript": ">=5.4.0"
      },
      "peerDependenciesMeta": {
        "typescript": {
          "optional": true
        }
      }
    },
    "node_modules/@solana/rpc-transformers": {
      "version": "6.9.0",
      "resolved": "https://registry.npmjs.org/@solana/rpc-transformers/-/rpc-transformers-6.9.0.tgz",
      "integrity": "sha512-dg4LK2wEBpaY+KRk/SJIkYvrvjdsc1AwD4bkmGY4Fp7EwVlvwBQShAQn78Qi4IP0WQ/0n9ncFyUxgcB1Y01ZuQ==",
      "license": "MIT",
      "dependencies": {
        "@solana/errors": "6.9.0",
        "@solana/functional": "6.9.0",
        "@solana/nominal-types": "6.9.0",
        "@solana/rpc-spec-types": "6.9.0",
        "@solana/rpc-types": "6.9.0"
      },
      "engines": {
        "node": ">=20.18.0"
      },
      "peerDependencies": {
        "typescript": ">=5.4.0"
      },
      "peerDependenciesMeta": {
        "typescript": {
          "optional": true
        }
      }
    },
    "node_modules/@solana/rpc-transport-http": {
      "version": "6.9.0",
      "resolved": "https://registry.npmjs.org/@solana/rpc-transport-http/-/rpc-transport-http-6.9.0.tgz",
      "integrity": "sha512-4gy30fWJcS6jrcXCoP/optFpGJ/gD9xdkE8wDbe1Ys/Y+e4XjyBt45xtTnbdmMdukvdRX+oXS3zgUIYoagpNzQ==",
      "license": "MIT",
      "dependencies": {
        "@solana/errors": "6.9.0",
        "@solana/rpc-spec": "6.9.0",
        "@solana/rpc-spec-types": "6.9.0",
        "undici-types": "^8.2.0"
      },
      "engines": {
        "node": ">=20.18.0"
      },
      "peerDependencies": {
        "typescript": ">=5.4.0"
      },
      "peerDependenciesMeta": {
        "typescript": {
          "optional": true
        }
      }
    },
    "node_modules/@solana/rpc-types": {
      "version": "6.9.0",
      "resolved": "https://registry.npmjs.org/@solana/rpc-types/-/rpc-types-6.9.0.tgz",
      "integrity": "sha512-iFhPzZK3qiQ1lhfNTNBTI7BIs5PfWZSgRLD3enKm8ZAQggzvUklfO3KPh47jVsc/Jsr1UGPH8M3o3m17qjO1Cg==",
      "license": "MIT",
      "dependencies": {
        "@solana/addresses": "6.9.0",
        "@solana/codecs-core": "6.9.0",
        "@solana/codecs-numbers": "6.9.0",
        "@solana/codecs-strings": "6.9.0",
        "@solana/errors": "6.9.0",
        "@solana/fixed-points": "6.9.0",
        "@solana/nominal-types": "6.9.0"
      },
      "engines": {
        "node": ">=20.18.0"
      },
      "peerDependencies": {
        "typescript": ">=5.4.0"
      },
      "peerDependenciesMeta": {
        "typescript": {
          "optional": true
        }
      }
    },
    "node_modules/@solana/signers": {
      "version": "6.9.0",
      "resolved": "https://registry.npmjs.org/@solana/signers/-/signers-6.9.0.tgz",
      "integrity": "sha512-x7WyoRm9IORMqeSqNivZgyY+RERPkmqWxpINPD13kUH+oaZzonORIgxk2Lz+u5iPRXiJPkdRPrQ4FoFWv8i6kQ==",
      "license": "MIT",
      "dependencies": {
        "@solana/addresses": "6.9.0",
        "@solana/codecs-core": "6.9.0",
        "@solana/errors": "6.9.0",
        "@solana/instructions": "6.9.0",
        "@solana/keys": "6.9.0",
        "@solana/nominal-types": "6.9.0",
        "@solana/offchain-messages": "6.9.0",
        "@solana/transaction-messages": "6.9.0",
        "@solana/transactions": "6.9.0"
      },
      "engines": {
        "node": ">=20.18.0"
      },
      "peerDependencies": {
        "typescript": ">=5.4.0"
      },
      "peerDependenciesMeta": {
        "typescript": {
          "optional": true
        }
      }
    },
    "node_modules/@solana/subscribable": {
      "version": "6.9.0",
      "resolved": "https://registry.npmjs.org/@solana/subscribable/-/subscribable-6.9.0.tgz",
      "integrity": "sha512-YV0/BrJNfepf10CTfLwD7kRY1kkELDHd+BbHJZhBeiuiXTY3xQTvvx1RFs3NtfFCcTHG25Uh8NpRacQJnxSSIQ==",
      "license": "MIT",
      "dependencies": {
        "@solana/errors": "6.9.0"
      },
      "engines": {
        "node": ">=20.18.0"
      },
      "peerDependencies": {
        "typescript": ">=5.4.0"
      },
      "peerDependenciesMeta": {
        "typescript": {
          "optional": true
        }
      }
    },
    "node_modules/@solana/sysvars": {
      "version": "6.9.0",
      "resolved": "https://registry.npmjs.org/@solana/sysvars/-/sysvars-6.9.0.tgz",
      "integrity": "sha512-e0e+QKr/th9t/O2N1oUoJmcodLghzAtWKUlGb1zyYub0/WJrPImnKqJqp/gDP4tK98mJxopPMcprCeHk4B+TQg==",
      "license": "MIT",
      "dependencies": {
        "@solana/accounts": "6.9.0",
        "@solana/codecs-core": "6.9.0",
        "@solana/codecs-data-structures": "6.9.0",
        "@solana/codecs-numbers": "6.9.0",
        "@solana/errors": "6.9.0",
        "@solana/rpc-types": "6.9.0"
      },
      "engines": {
        "node": ">=20.18.0"
      },
      "peerDependencies": {
        "typescript": ">=5.4.0"
      },
      "peerDependenciesMeta": {
        "typescript": {
          "optional": true
        }
      }
    },
    "node_modules/@solana/transaction-confirmation": {
      "version": "6.9.0",
      "resolved": "https://registry.npmjs.org/@solana/transaction-confirmation/-/transaction-confirmation-6.9.0.tgz",
      "integrity": "sha512-fzYCOih7hhtBzzNSkAnxMjeFeQ8U7e27k9i0RsgQc3/e3OCynF5HoIVNhhqZbwfIBKiaD4ginJR6slRnfqO32Q==",
      "license": "MIT",
      "dependencies": {
        "@solana/addresses": "6.9.0",
        "@solana/codecs-strings": "6.9.0",
        "@solana/errors": "6.9.0",
        "@solana/keys": "6.9.0",
        "@solana/promises": "6.9.0",
        "@solana/rpc": "6.9.0",
        "@solana/rpc-subscriptions": "6.9.0",
        "@solana/rpc-types": "6.9.0",
        "@solana/transaction-messages": "6.9.0",
        "@solana/transactions": "6.9.0"
      },
      "engines": {
        "node": ">=20.18.0"
      },
      "peerDependencies": {
        "typescript": ">=5.4.0"
      },
      "peerDependenciesMeta": {
        "typescript": {
          "optional": true
        }
      }
    },
    "node_modules/@solana/transaction-messages": {
      "version": "6.9.0",
      "resolved": "https://registry.npmjs.org/@solana/transaction-messages/-/transaction-messages-6.9.0.tgz",
      "integrity": "sha512-OWpryt0w6SHlwHx12Vd1wvx2QwSGBXAIUEHTCtkctcM3AaZRy5cIl7CAq9iD5PgahUsaOyRLBV0zlCJcC2JrJA==",
      "license": "MIT",
      "dependencies": {
        "@solana/addresses": "6.9.0",
        "@solana/codecs-core": "6.9.0",
        "@solana/codecs-data-structures": "6.9.0",
        "@solana/codecs-numbers": "6.9.0",
        "@solana/errors": "6.9.0",
        "@solana/functional": "6.9.0",
        "@solana/instructions": "6.9.0",
        "@solana/nominal-types": "6.9.0",
        "@solana/rpc-types": "6.9.0"
      },
      "engines": {
        "node": ">=20.18.0"
      },
      "peerDependencies": {
        "typescript": ">=5.4.0"
      },
      "peerDependenciesMeta": {
        "typescript": {
          "optional": true
        }
      }
    },
    "node_modules/@solana/transactions": {
      "version": "6.9.0",
      "resolved": "https://registry.npmjs.org/@solana/transactions/-/transactions-6.9.0.tgz",
      "integrity": "sha512-uKPzLwHbjwChfVl82he17ntkh02PfgnMMhN7uOAC+VbkIt1O+EEw8sX87gi6kdG/EV+QBDQXm9PLAo5W0tYylw==",
      "license": "MIT",
      "dependencies": {
        "@solana/addresses": "6.9.0",
        "@solana/codecs-core": "6.9.0",
        "@solana/codecs-data-structures": "6.9.0",
        "@solana/codecs-numbers": "6.9.0",
        "@solana/codecs-strings": "6.9.0",
        "@solana/errors": "6.9.0",
        "@solana/functional": "6.9.0",
        "@solana/instructions": "6.9.0",
        "@solana/keys": "6.9.0",
        "@solana/nominal-types": "6.9.0",
        "@solana/rpc-types": "6.9.0",
        "@solana/transaction-messages": "6.9.0"
      },
      "engines": {
        "node": ">=20.18.0"
      },
      "peerDependencies": {
        "typescript": ">=5.4.0"
      },
      "peerDependenciesMeta": {
        "typescript": {
          "optional": true
        }
      }
    },
    "node_modules/@types/node": {
      "version": "25.7.0",
      "resolved": "https://registry.npmjs.org/@types/node/-/node-25.7.0.tgz",
      "integrity": "sha512-z+pdZyxE+RTQE9AcboAZCb4otwcrvgHD+GlBpPgn0emDVt0ohrTMhAwlr2Wd9nZ+nihhYFxO2pThz3C5qSu2Eg==",
      "dev": true,
      "license": "MIT",
      "dependencies": {
        "undici-types": "~7.21.0"
      }
    },
    "node_modules/@types/node/node_modules/undici-types": {
      "version": "7.21.0",
      "resolved": "https://registry.npmjs.org/undici-types/-/undici-types-7.21.0.tgz",
      "integrity": "sha512-w9IMgQrz4O0YN1LtB7K5P63vhlIOvC7opSmouCJ+ZywlPAlO9gIkJ+otk6LvGpAs2wg4econaCz3TvQ9xPoyuQ==",
      "dev": true,
      "license": "MIT"
    },
    "node_modules/chalk": {
      "version": "5.6.2",
      "resolved": "https://registry.npmjs.org/chalk/-/chalk-5.6.2.tgz",
      "integrity": "sha512-7NzBL0rN6fMUW+f7A6Io4h40qQlG+xGmtMxfbnH/K7TAtt8JQWVQK+6g0UXKMeVJoyV5EkkNsErQ8pVD3bLHbA==",
      "license": "MIT",
      "engines": {
        "node": "^12.17.0 || ^14.13 || >=16.0.0"
      },
      "funding": {
        "url": "https://github.com/chalk/chalk?sponsor=1"
      }
    },
    "node_modules/commander": {
      "version": "14.0.3",
      "resolved": "https://registry.npmjs.org/commander/-/commander-14.0.3.tgz",
      "integrity": "sha512-H+y0Jo/T1RZ9qPP4Eh1pkcQcLRglraJaSLoyOtHxu6AapkjWVCy2Sit1QQ4x3Dng8qDlSsZEet7g5Pq06MvTgw==",
      "license": "MIT",
      "engines": {
        "node": ">=20"
      }
    },
    "node_modules/undici-types": {
      "version": "8.2.0",
      "resolved": "https://registry.npmjs.org/undici-types/-/undici-types-8.2.0.tgz",
      "integrity": "sha512-uciYZ5yCmf+QJb18kJw10HjquzM7K0z992vWcI+84KeBpTfXT4hfgfGJ5DQbf/mCBPACofkrjvqgcjZfuujjFA==",
      "license": "MIT"
    },
    "node_modules/ws": {
      "version": "8.20.1",
      "resolved": "https://registry.npmjs.org/ws/-/ws-8.20.1.tgz",
      "integrity": "sha512-It4dO0K5v//JtTXuPkfEOaI3uUN87iYPnqo/ZzqCoG3g8uhA66QUMs/SrM0YK7/NAu+r4LMh/9dq2A7k+rHs+w==",
      "license": "MIT",
      "engines": {
        "node": ">=10.0.0"
      },
      "peerDependencies": {
        "bufferutil": "^4.0.1",
        "utf-8-validate": ">=5.0.2"
      },
      "peerDependenciesMeta": {
        "bufferutil": {
          "optional": true
        },
        "utf-8-validate": {
          "optional": true
        }
      }
    }
  }
}
